
Microsoft Visual Studio Solution File, Format Version 12.00
# Visual Studio 2017
Project("{FAE04EC0-301F-11D3-BF4B-00C04F79EFBC}") = "Tower-Defense-Project", "Tower-Defense-Project.csproj", "{23C4B2DB-83A9-2FAF-2D06-7F5B9C8D775F}"
EndProject
Project("{FAE04EC0-301F-11D3-BF4B-00C04F79EFBC}") = "Tower-Defense-Project.Editor", "Tower-Defense-Project.Editor.csproj", "{C31570BD-DFAF-AE75-8F21-DE2623E69590}"
EndProject
Global
	GlobalSection(SolutionConfigurationPlatforms) = preSolution
		Debug|Any CPU = Debug|Any CPU
		Release|Any CPU = Release|Any CPU
	EndGlobalSection
	GlobalSection(ProjectConfigurationPlatforms) = postSolution
		{23C4B2DB-83A9-2FAF-2D06-7F5B9C8D775F}.Debug|Any CPU.ActiveCfg = Debug|Any CPU
		{23C4B2DB-83A9-2FAF-2D06-7F5B9C8D775F}.Debug|Any CPU.Build.0 = Debug|Any CPU
		{23C4B2DB-83A9-2FAF-2D06-7F5B9C8D775F}.Release|Any CPU.ActiveCfg = Release|Any CPU
		{23C4B2DB-83A9-2FAF-2D06-7F5B9C8D775F}.Release|Any CPU.Build.0 = Release|Any CPU
		{C31570BD-DFAF-AE75-8F21-DE2623E69590}.Debug|Any CPU.ActiveCfg = Debug|Any CPU
		{C31570BD-DFAF-AE75-8F21-DE2623E69590}.Debug|Any CPU.Build.0 = Debug|Any CPU
		{C31570BD-DFAF-AE75-8F21-DE2623E69590}.Release|Any CPU.ActiveCfg = Release|Any CPU
		{C31570BD-DFAF-AE75-8F21-DE2623E69590}.Release|Any CPU.Build.0 = Release|Any CPU
	EndGlobalSection
	GlobalSection(SolutionProperties) = preSolution
		HideSolutionNode = FALSE
	EndGlobalSection
EndGlobal
